{
  "lockfileVersion": 1,
  "configVersion": 1,
  "workspaces": {
    "": {
      "name": "agnostic-query",
      "devDependencies": {
        "@types/bun": "^1.3.13",
        "@typescript/native-preview": "latest",
      },
    },
    "examples/with-drizzle": {
      "name": "example-with-drizzle",
      "dependencies": {
        "@agnostic-query/core": "workspace:*",
        "@agnostic-query/drizzle": "workspace:*",
        "@agnostic-query/zod": "workspace:*",
        "drizzle-orm": "^0.39.0",
      },
    },
    "packages/core": {
      "name": "@agnostic-query/core",
      "version": "0.0.1",
    },
    "packages/drizzle": {
      "name": "@agnostic-query/drizzle",
      "version": "0.0.1",
      "dependencies": {
        "@agnostic-query/core": "workspace:*",
        "drizzle-orm": "^0.39.0",
      },
    },
    "packages/tanstack-db": {
      "name": "@agnostic-query/tanstack-db",
      "version": "0.0.1",
      "dependencies": {
        "@agnostic-query/core": "workspace:*",
        "@tanstack/query-db-collection": "^1.0.32",
      },
    },
    "packages/valibot": {
      "name": "@agnostic-query/valibot",
      "version": "0.0.1",
      "dependencies": {
        "@agnostic-query/core": "workspace:*",
        "valibot": "^1.4.0",
      },
    },
    "packages/zod": {
      "name": "@agnostic-query/zod",
      "version": "0.0.1",
      "dependencies": {
        "@agnostic-query/core": "workspace:*",
        "zod": "^4.0.0",
      },
    },
  },
  "packages": {
    "@agnostic-query/core": ["@agnostic-query/core@workspace:packages/core"],

    "@agnostic-query/drizzle": ["@agnostic-query/drizzle@workspace:packages/drizzle"],

    "@agnostic-query/tanstack-db": ["@agnostic-query/tanstack-db@workspace:packages/tanstack-db"],

    "@agnostic-query/valibot": ["@agnostic-query/valibot@workspace:packages/valibot"],

    "@agnostic-query/zod": ["@agnostic-query/zod@workspace:packages/zod"],

    "@standard-schema/spec": ["@standard-schema/spec@1.1.0", "", {}, "sha512-l2aFy5jALhniG5HgqrD6jXLi/rUWrKvqN/qJx6yoJsgKhblVd+iqqU4RCXavm/jPityDo5TCvKMnpjKnOriy0w=="],

    "@tanstack/db": ["@tanstack/db@0.6.5", "", { "dependencies": { "@standard-schema/spec": "^1.1.0", "@tanstack/db-ivm": "0.1.18", "@tanstack/pacer-lite": "^0.2.1" }, "peerDependencies": { "typescript": ">=4.7" } }, "sha512-gtCuAo4UtC9SR/kTMu5fVEff6qZ2R1FZi9X7MybtHKA6wve7RePifGG6qBI4OmMB+7juT5/+glNbnqZOrG0/pg=="],

    "@tanstack/db-ivm": ["@tanstack/db-ivm@0.1.18", "", { "dependencies": { "fractional-indexing": "^3.2.0", "sorted-btree": "^1.8.1" }, "peerDependencies": { "typescript": ">=4.7" } }, "sha512-+pZJiRKdoKRM5Epq9T7otD9ZJl82pRFauo7LKuJGrarjVKQ7r+QQlPe3kGdN9LEKSnuNGIWjX9OOY4M8kH4eLw=="],

    "@tanstack/pacer-lite": ["@tanstack/pacer-lite@0.2.1", "", {}, "sha512-3PouiFjR4B6x1c969/Pl4ZIJleof1M0n6fNX8NRiC9Sqv1g06CVDlEaXUR4212ycGFyfq4q+t8Gi37Xy+z34iQ=="],

    "@tanstack/query-core": ["@tanstack/query-core@5.100.9", "", {}, "sha512-SJSFw1S8+kQ0+knv/XGfrbocWoAlT7vDKsSImtLx3ZPQmEcR46hkDjLSvynSy25N8Ms4tIEini1FuBd5k7IscQ=="],

    "@tanstack/query-db-collection": ["@tanstack/query-db-collection@1.0.36", "", { "dependencies": { "@standard-schema/spec": "^1.1.0", "@tanstack/db": "0.6.5" }, "peerDependencies": { "@tanstack/query-core": "^5.0.0", "typescript": ">=4.7" } }, "sha512-WOHSZeqFOflWpMxp7ndu8x3M8GyLieWyUsS1fReG8wv6I/1MGOz1j3+XNlGoeoWolYF2hV4l324/dB9BxjAwxw=="],

    "@types/bun": ["@types/bun@1.3.13", "", { "dependencies": { "bun-types": "1.3.13" } }, "sha512-9fqXWk5YIHGGnUau9TEi+qdlTYDAnOj+xLCmSTwXfAIqXr2x4tytJb43E9uCvt09zJURKXwAtkoH4nLQfzeTXw=="],

    "@types/node": ["@types/node@25.6.0", "", { "dependencies": { "undici-types": "~7.19.0" } }, "sha512-+qIYRKdNYJwY3vRCZMdJbPLJAtGjQBudzZzdzwQYkEPQd+PJGixUL5QfvCLDaULoLv+RhT3LDkwEfKaAkgSmNQ=="],

    "@typescript/native-preview": ["@typescript/native-preview@7.0.0-dev.20260507.1", "", { "optionalDependencies": { "@typescript/native-preview-darwin-arm64": "7.0.0-dev.20260507.1", "@typescript/native-preview-darwin-x64": "7.0.0-dev.20260507.1", "@typescript/native-preview-linux-arm": "7.0.0-dev.20260507.1", "@typescript/native-preview-linux-arm64": "7.0.0-dev.20260507.1", "@typescript/native-preview-linux-x64": "7.0.0-dev.20260507.1", "@typescript/native-preview-win32-arm64": "7.0.0-dev.20260507.1", "@typescript/native-preview-win32-x64": "7.0.0-dev.20260507.1" }, "bin": { "tsgo": "bin/tsgo.js" } }, "sha512-1NCr79LEzPErrYtminofTji5EvFDYwJ2JDQfDhcQyP8XVJF93LZ5jiDXcYE2MgqDvwPUpaHMY8seC28jHrc/ew=="],

    "@typescript/native-preview-darwin-arm64": ["@typescript/native-preview-darwin-arm64@7.0.0-dev.20260507.1", "", { "os": "darwin", "cpu": "arm64" }, "sha512-2iWAWthp9tWDkgIOITi6GGQkEDQ8Mf+L28B83FR+MvvbLEtHJ5BIZoBOSBgKP5KW+eHlAv1LFUC9dggq1+NO0Q=="],

    "@typescript/native-preview-darwin-x64": ["@typescript/native-preview-darwin-x64@7.0.0-dev.20260507.1", "", { "os": "darwin", "cpu": "x64" }, "sha512-pXBJx0gF4D9aNZsFavprlbPzL5clAvHsueaVpb3c7M8wv/3FFCdjK7NJUESxpK3+M1RW5MvNaKR6QTzkdunfvQ=="],

    "@typescript/native-preview-linux-arm": ["@typescript/native-preview-linux-arm@7.0.0-dev.20260507.1", "", { "os": "linux", "cpu": "arm" }, "sha512-i2K4RRVjk9wSMpGcR5G2hKyUowSZMrnSKh5NYx1nVy6srBD7DVrTSBDH+KCVdAVAuZtsl0tOdVJixkRRjOsbpw=="],

    "@typescript/native-preview-linux-arm64": ["@typescript/native-preview-linux-arm64@7.0.0-dev.20260507.1", "", { "os": "linux", "cpu": "arm64" }, "sha512-0F2o8sbpSOHR04ghnhWPFsyuH9uew78v3fc2+tplxAnwZ5Wt72hk6Ka0yG07m8D6Ca0SK/GtTVIq7BfjmNCP8w=="],

    "@typescript/native-preview-linux-x64": ["@typescript/native-preview-linux-x64@7.0.0-dev.20260507.1", "", { "os": "linux", "cpu": "x64" }, "sha512-dST5xeuhREr73obBJj4j5Dtf0dEQr6WuUyHIoLaVQCX9PZhWk0Iu2/9jJ0+Gtx7fh3jWGcidNPP1SgmSrXP6Sw=="],

    "@typescript/native-preview-win32-arm64": ["@typescript/native-preview-win32-arm64@7.0.0-dev.20260507.1", "", { "os": "win32", "cpu": "arm64" }, "sha512-21rGqCoY2FgnbY2YQFGoAnaHFs5kagwdCmGdn7GmsdNF7P3zvS1ag56BFRYITZ2xw02xYa0fvbXcIIycysBS1A=="],

    "@typescript/native-preview-win32-x64": ["@typescript/native-preview-win32-x64@7.0.0-dev.20260507.1", "", { "os": "win32", "cpu": "x64" }, "sha512-PORjTM6k/7ySuN7qbKKLKPJ5AlSQuZbaDkLsdQglapQySeHcrdjOhFl172U+V954sR+KhrE3ckhuinEH+Vjkug=="],

    "bun-types": ["bun-types@1.3.13", "", { "dependencies": { "@types/node": "*" } }, "sha512-QXKeHLlOLqQX9LgYaHJfzdBaV21T63HhFJnvuRCcjZiaUDpbs5ED1MgxbMra71CsryN/1dAoXuJJJwIv/2drVA=="],

    "drizzle-orm": ["drizzle-orm@0.39.3", "", { "peerDependencies": { "@aws-sdk/client-rds-data": ">=3", "@cloudflare/workers-types": ">=4", "@electric-sql/pglite": ">=0.2.0", "@libsql/client": ">=0.10.0", "@libsql/client-wasm": ">=0.10.0", "@neondatabase/serverless": ">=0.10.0", "@op-engineering/op-sqlite": ">=2", "@opentelemetry/api": "^1.4.1", "@planetscale/database": ">=1", "@prisma/client": "*", "@tidbcloud/serverless": "*", "@types/better-sqlite3": "*", "@types/pg": "*", "@types/sql.js": "*", "@vercel/postgres": ">=0.8.0", "@xata.io/client": "*", "better-sqlite3": ">=7", "bun-types": "*", "expo-sqlite": ">=14.0.0", "knex": "*", "kysely": "*", "mysql2": ">=2", "pg": ">=8", "postgres": ">=3", "sql.js": ">=1", "sqlite3": ">=5" }, "optionalPeers": ["@aws-sdk/client-rds-data", "@cloudflare/workers-types", "@electric-sql/pglite", "@libsql/client", "@libsql/client-wasm", "@neondatabase/serverless", "@op-engineering/op-sqlite", "@opentelemetry/api", "@planetscale/database", "@prisma/client", "@tidbcloud/serverless", "@types/better-sqlite3", "@types/pg", "@types/sql.js", "@vercel/postgres", "@xata.io/client", "better-sqlite3", "bun-types", "expo-sqlite", "knex", "kysely", "mysql2", "pg", "postgres", "sql.js", "sqlite3"] }, "sha512-EZ8ZpYvDIvKU9C56JYLOmUskazhad+uXZCTCRN4OnRMsL+xAJ05dv1eCpAG5xzhsm1hqiuC5kAZUCS924u2DTw=="],

    "example-with-drizzle": ["example-with-drizzle@workspace:examples/with-drizzle"],

    "fractional-indexing": ["fractional-indexing@3.2.0", "", {}, "sha512-PcOxmqwYCW7O2ovKRU8OoQQj2yqTfEB/yeTYk4gPid6dN5ODRfU1hXd9tTVZzax/0NkO7AxpHykvZnT1aYp/BQ=="],

    "sorted-btree": ["sorted-btree@1.8.1", "", {}, "sha512-395+XIP+wqNn3USkFSrNz7G3Ss/MXlZEqesxvzCRFwL14h6e8LukDHdLBePn5pwbm5OQ9vGu8mDyz2lLDIqamQ=="],

    "typescript": ["typescript@5.9.3", "", { "bin": { "tsc": "bin/tsc", "tsserver": "bin/tsserver" } }, "sha512-jl1vZzPDinLr9eUt3J/t7V6FgNEw9QjvBPdysz9KfQDD41fQrC2Y4vKQdiaUpFT4bXlb1RHhLpp8wtm6M5TgSw=="],

    "undici-types": ["undici-types@7.19.2", "", {}, "sha512-qYVnV5OEm2AW8cJMCpdV20CDyaN3g0AjDlOGf1OW4iaDEx8MwdtChUp4zu4H0VP3nDRF/8RKWH+IPp9uW0YGZg=="],

    "valibot": ["valibot@1.4.0", "", { "peerDependencies": { "typescript": ">=5" }, "optionalPeers": ["typescript"] }, "sha512-iC/x7fVcSyOwlm/VSt7RlHnzNGLGvR9GnxdifUeWoCJo0q4ZZvrVkIHC6faTlkxG47I2Y4UrFquPuVHCrOnrLg=="],

    "zod": ["zod@4.4.3", "", {}, "sha512-ytENFjIJFl2UwYglde2jchW2Hwm4GJFLDiSXWdTrJQBIN9Fcyp7n4DhxJEiWNAJMV1/BqWfW/kkg71UDcHJyTQ=="],
  }
}
